
Microsoft Visual Studio Solution File, Format Version 12.00
# Visual Studio Version 17
VisualStudioVersion = 17.8.34330.188
MinimumVisualStudioVersion = 10.0.40219.1
Project("{FAE04EC0-301F-11D3-BF4B-00C04F79EFBC}") = "CRUD-EXPEDIENTE-MEDICO", "CRUD-EXPEDIENTE-MEDICO\CRUD-EXPEDIENTE-MEDICO.csproj", "{6731881B-4848-4022-9FFB-7189F4262153}"
EndProject
Global
	GlobalSection(SolutionConfigurationPlatforms) = preSolution
		Debug|Any CPU = Debug|Any CPU
		Release|Any CPU = Release|Any CPU
	EndGlobalSection
	GlobalSection(ProjectConfigurationPlatforms) = postSolution
		{6731881B-4848-4022-9FFB-7189F4262153}.Debug|Any CPU.ActiveCfg = Debug|Any CPU
		{6731881B-4848-4022-9FFB-7189F4262153}.Debug|Any CPU.Build.0 = Debug|Any CPU
		{6731881B-4848-4022-9FFB-7189F4262153}.Release|Any CPU.ActiveCfg = Release|Any CPU
		{6731881B-4848-4022-9FFB-7189F4262153}.Release|Any CPU.Build.0 = Release|Any CPU
	EndGlobalSection
	GlobalSection(SolutionProperties) = preSolution
		HideSolutionNode = FALSE
	EndGlobalSection
	GlobalSection(ExtensibilityGlobals) = postSolution
		SolutionGuid = {2C6F517B-9BD3-404F-A5D7-7FE36BE454B5}
	EndGlobalSection
EndGlobal
